
Microsoft Visual Studio Solution File, Format Version 12.00
# Visual Studio Version 16
VisualStudioVersion = 16.0.31321.278
MinimumVisualStudioVersion = 10.0.40219.1
Project("{9A19103F-16F7-4668-BE54-9A1E7A4F7556}") = "DomainModelBurger", "DomainModelBurger\DomainModelBurger.csproj", "{F13EABD6-C72A-40E0-ACB7-EE11EEC86D5B}"
EndProject
Project("{9A19103F-16F7-4668-BE54-9A1E7A4F7556}") = "Dal", "Dal\Dal.csproj", "{AF13A318-CDB7-4A6C-B495-F359114854A9}"
EndProject
Project("{9A19103F-16F7-4668-BE54-9A1E7A4F7556}") = "ConsoleAppBurger", "ConsoleAppBurger\ConsoleAppBurger.csproj", "{273F8868-782F-4C73-9EE4-80D60B7AF439}"
EndProject
Project("{9A19103F-16F7-4668-BE54-9A1E7A4F7556}") = "WebBurger", "WebBurger\WebBurger.csproj", "{22F4A28A-3264-4F06-9BA7-FE857DA380EE}"
EndProject
Project("{FAE04EC0-301F-11D3-BF4B-00C04F79EFBC}") = "CommonAttribute", "CommonAttribute\CommonAttribute.csproj", "{14C6D629-70CD-469F-8990-AA2E46237E53}"
EndProject
Global
	GlobalSection(SolutionConfigurationPlatforms) = preSolution
		Debug|Any CPU = Debug|Any CPU
		Release|Any CPU = Release|Any CPU
	EndGlobalSection
	GlobalSection(ProjectConfigurationPlatforms) = postSolution
		{F13EABD6-C72A-40E0-ACB7-EE11EEC86D5B}.Debug|Any CPU.ActiveCfg = Debug|Any CPU
		{F13EABD6-C72A-40E0-ACB7-EE11EEC86D5B}.Debug|Any CPU.Build.0 = Debug|Any CPU
		{F13EABD6-C72A-40E0-ACB7-EE11EEC86D5B}.Release|Any CPU.ActiveCfg = Release|Any CPU
		{F13EABD6-C72A-40E0-ACB7-EE11EEC86D5B}.Release|Any CPU.Build.0 = Release|Any CPU
		{AF13A318-CDB7-4A6C-B495-F359114854A9}.Debug|Any CPU.ActiveCfg = Debug|Any CPU
		{AF13A318-CDB7-4A6C-B495-F359114854A9}.Debug|Any CPU.Build.0 = Debug|Any CPU
		{AF13A318-CDB7-4A6C-B495-F359114854A9}.Release|Any CPU.ActiveCfg = Release|Any CPU
		{AF13A318-CDB7-4A6C-B495-F359114854A9}.Release|Any CPU.Build.0 = Release|Any CPU
		{273F8868-782F-4C73-9EE4-80D60B7AF439}.Debug|Any CPU.ActiveCfg = Debug|Any CPU
		{273F8868-782F-4C73-9EE4-80D60B7AF439}.Debug|Any CPU.Build.0 = Debug|Any CPU
		{273F8868-782F-4C73-9EE4-80D60B7AF439}.Release|Any CPU.ActiveCfg = Release|Any CPU
		{273F8868-782F-4C73-9EE4-80D60B7AF439}.Release|Any CPU.Build.0 = Release|Any CPU
		{22F4A28A-3264-4F06-9BA7-FE857DA380EE}.Debug|Any CPU.ActiveCfg = Debug|Any CPU
		{22F4A28A-3264-4F06-9BA7-FE857DA380EE}.Debug|Any CPU.Build.0 = Debug|Any CPU
		{22F4A28A-3264-4F06-9BA7-FE857DA380EE}.Release|Any CPU.ActiveCfg = Release|Any CPU
		{22F4A28A-3264-4F06-9BA7-FE857DA380EE}.Release|Any CPU.Build.0 = Release|Any CPU
		{14C6D629-70CD-469F-8990-AA2E46237E53}.Debug|Any CPU.ActiveCfg = Debug|Any CPU
		{14C6D629-70CD-469F-8990-AA2E46237E53}.Debug|Any CPU.Build.0 = Debug|Any CPU
		{14C6D629-70CD-469F-8990-AA2E46237E53}.Release|Any CPU.ActiveCfg = Release|Any CPU
		{14C6D629-70CD-469F-8990-AA2E46237E53}.Release|Any CPU.Build.0 = Release|Any CPU
	EndGlobalSection
	GlobalSection(SolutionProperties) = preSolution
		HideSolutionNode = FALSE
	EndGlobalSection
	GlobalSection(ExtensibilityGlobals) = postSolution
		SolutionGuid = {C9F75B95-DB7D-4E74-A320-1B4EC5A2F87C}
	EndGlobalSection
EndGlobal
